
Microsoft Visual Studio Solution File, Format Version 12.00
# Visual Studio Version 17
VisualStudioVersion = 17.8.34316.72
MinimumVisualStudioVersion = 10.0.40219.1
Project("{FAE04EC0-301F-11D3-BF4B-00C04F79EFBC}") = "treinumereimparedesumax", "treinumereimparedesumax\treinumereimparedesumax.csproj", "{89DE44F3-A9F3-4288-8BBC-38E5465C2E25}"
EndProject
Global
	GlobalSection(SolutionConfigurationPlatforms) = preSolution
		Debug|Any CPU = Debug|Any CPU
		Release|Any CPU = Release|Any CPU
	EndGlobalSection
	GlobalSection(ProjectConfigurationPlatforms) = postSolution
		{89DE44F3-A9F3-4288-8BBC-38E5465C2E25}.Debug|Any CPU.ActiveCfg = Debug|Any CPU
		{89DE44F3-A9F3-4288-8BBC-38E5465C2E25}.Debug|Any CPU.Build.0 = Debug|Any CPU
		{89DE44F3-A9F3-4288-8BBC-38E5465C2E25}.Release|Any CPU.ActiveCfg = Release|Any CPU
		{89DE44F3-A9F3-4288-8BBC-38E5465C2E25}.Release|Any CPU.Build.0 = Release|Any CPU
	EndGlobalSection
	GlobalSection(SolutionProperties) = preSolution
		HideSolutionNode = FALSE
	EndGlobalSection
	GlobalSection(ExtensibilityGlobals) = postSolution
		SolutionGuid = {82EBAE3B-95C2-4C1B-BEB2-7E223C686F16}
	EndGlobalSection
EndGlobal
